// !$*UTF8*$!
{
	archiveVersion = 1;
	classes = {
	};
	objectVersion = 50;
	objects = {

/* Begin PBXBuildFile section */
		289F653A2DF68AAC00326FB7 /* sfsymbols6.json in Resources */ = {isa = PBXBuildFile; fileRef = 289F65392DF68AAC00326FB7 /* sfsymbols6.json */; };
		9B0568EC2E61FCCE00691D24 /* ColorDemoView.swift in Sources */ = {isa = PBXBuildFile; fileRef = 9B0568EB2E61FCAE00691D24 /* ColorDemoView.swift */; };
		9B0568EE2E61FCEE00691D24 /* UploadDemoView.swift in Sources */ = {isa = PBXBuildFile; fileRef = 9B0568ED2E61FCE000691D24 /* UploadDemoView.swift */; };
		9B0568F02E62361D00691D24 /* ColorExtensions.swift in Sources */ = {isa = PBXBuildFile; fileRef = 9B0568EF2E6235FF00691D24 /* ColorExtensions.swift */; };
		9B0568F22E64627300691D24 /* DocumentationView.swift in Sources */ = {isa = PBXBuildFile; fileRef = 9B0568F12E64626600691D24 /* DocumentationView.swift */; };
		9B0568F82E64C2AD00691D24 /* SFTabBar.icon in Resources */ = {isa = PBXBuildFile; fileRef = 9B0568F72E64C2AD00691D24 /* SFTabBar.icon */; };
		9B0568FA2E65CAAB00691D24 /* sfsymbols7.json in Resources */ = {isa = PBXBuildFile; fileRef = 9B0568F92E65CAAB00691D24 /* sfsymbols7.json */; };
		9BD886552E5A8D93004BD678 /* iOS26TabViewTest.swift in Sources */ = {isa = PBXBuildFile; fileRef = 9BD886542E5A8D93004BD678 /* iOS26TabViewTest.swift */; };
		9BD886572E5B3671004BD678 /* TabConfigurationView.swift in Sources */ = {isa = PBXBuildFile; fileRef = 9BD886562E5B3671004BD678 /* TabConfigurationView.swift */; };
		9BD886612E61EA38004BD678 /* NovelExcerptView.swift in Sources */ = {isa = PBXBuildFile; fileRef = 9BD886602E61EA38004BD678 /* NovelExcerptView.swift */; };
		FB05B9EC2526360300FE2E43 /* Export.swift in Sources */ = {isa = PBXBuildFile; fileRef = FB05B9EB2526360300FE2E43 /* Export.swift */; };
		FB05BA122527FCCB00FE2E43 /* WeightListView.swift in Sources */ = {isa = PBXBuildFile; fileRef = FB05BA112527FCCB00FE2E43 /* WeightListView.swift */; };
		FB1D0F132512824600A0B190 /* SFTabBarApp.swift in Sources */ = {isa = PBXBuildFile; fileRef = FB1D0F122512824600A0B190 /* SFTabBarApp.swift */; };
		FB1D0F152512824600A0B190 /* ContentView.swift in Sources */ = {isa = PBXBuildFile; fileRef = FB1D0F142512824600A0B190 /* ContentView.swift */; };
		FB1D0F172512824900A0B190 /* Assets.xcassets in Resources */ = {isa = PBXBuildFile; fileRef = FB1D0F162512824900A0B190 /* Assets.xcassets */; };
		FB1D0F1A2512824900A0B190 /* Preview Assets.xcassets in Resources */ = {isa = PBXBuildFile; fileRef = FB1D0F192512824900A0B190 /* Preview Assets.xcassets */; };
		FB1D0F252512824A00A0B190 /* SFTabBarTests.swift in Sources */ = {isa = PBXBuildFile; fileRef = FB1D0F242512824A00A0B190 /* SFTabBarTests.swift */; };
		FB1D0F302512824A00A0B190 /* SFTabBarUITests.swift in Sources */ = {isa = PBXBuildFile; fileRef = FB1D0F2F2512824A00A0B190 /* SFTabBarUITests.swift */; };
		FB1F6AD025237E22008C0BB7 /* SFData.swift in Sources */ = {isa = PBXBuildFile; fileRef = FB1F6ACF25237E22008C0BB7 /* SFData.swift */; };
		FB1F6AD525237E5D008C0BB7 /* SymbolsListView.swift in Sources */ = {isa = PBXBuildFile; fileRef = FB1F6AD425237E5D008C0BB7 /* SymbolsListView.swift */; };
		FB1F6ADD252386C0008C0BB7 /* SFModel.swift in Sources */ = {isa = PBXBuildFile; fileRef = FB1F6ADC252386C0008C0BB7 /* SFModel.swift */; };
		FB2C9D6E2530CA8D0007932E /* IAPManager.swift in Sources */ = {isa = PBXBuildFile; fileRef = FB2C9D6D2530CA8D0007932E /* IAPManager.swift */; };
		FB2C9D822530D1720007932E /* TipJar.swift in Sources */ = {isa = PBXBuildFile; fileRef = FB2C9D812530D1720007932E /* TipJar.swift */; };
		FB2C9D8D2530E5A10007932E /* ReviewManager.swift in Sources */ = {isa = PBXBuildFile; fileRef = FB2C9D8C2530E5A10007932E /* ReviewManager.swift */; };
		FB2C9DA42531FC230007932E /* StoreKit.framework in Frameworks */ = {isa = PBXBuildFile; fileRef = FB2C9DA32531FC230007932E /* StoreKit.framework */; };
		FB4678F2253C8A7B00417EDE /* PlayView.swift in Sources */ = {isa = PBXBuildFile; fileRef = FB4678F1253C8A7B00417EDE /* PlayView.swift */; };
		FB504E7B251FDE60000BC03A /* sfsymbols.json in Resources */ = {isa = PBXBuildFile; fileRef = FB504E7A251FDE60000BC03A /* sfsymbols.json */; };
/* End PBXBuildFile section */

/* Begin PBXContainerItemProxy section */
		FB1D0F212512824A00A0B190 /* PBXContainerItemProxy */ = {
			isa = PBXContainerItemProxy;
			containerPortal = FB1D0F072512824600A0B190 /* Project object */;
			proxyType = 1;
			remoteGlobalIDString = FB1D0F0E2512824600A0B190;
			remoteInfo = SFTabBar;
		};
		FB1D0F2C2512824A00A0B190 /* PBXContainerItemProxy */ = {
			isa = PBXContainerItemProxy;
			containerPortal = FB1D0F072512824600A0B190 /* Project object */;
			proxyType = 1;
			remoteGlobalIDString = FB1D0F0E2512824600A0B190;
			remoteInfo = SFTabBar;
		};
/* End PBXContainerItemProxy section */

/* Begin PBXFileReference section */
		289F65392DF68AAC00326FB7 /* sfsymbols6.json */ = {isa = PBXFileReference; lastKnownFileType = text.json; path = sfsymbols6.json; sourceTree = "<group>"; };
		9B0568EB2E61FCAE00691D24 /* ColorDemoView.swift */ = {isa = PBXFileReference; lastKnownFileType = sourcecode.swift; path = ColorDemoView.swift; sourceTree = "<group>"; };
		9B0568ED2E61FCE000691D24 /* UploadDemoView.swift */ = {isa = PBXFileReference; lastKnownFileType = sourcecode.swift; path = UploadDemoView.swift; sourceTree = "<group>"; };
		9B0568EF2E6235FF00691D24 /* ColorExtensions.swift */ = {isa = PBXFileReference; lastKnownFileType = sourcecode.swift; path = ColorExtensions.swift; sourceTree = "<group>"; };
		9B0568F12E64626600691D24 /* DocumentationView.swift */ = {isa = PBXFileReference; lastKnownFileType = sourcecode.swift; path = DocumentationView.swift; sourceTree = "<group>"; };
		9B0568F72E64C2AD00691D24 /* SFTabBar.icon */ = {isa = PBXFileReference; lastKnownFileType = folder.iconcomposer.icon; path = SFTabBar.icon; sourceTree = "<group>"; };
		9B0568F92E65CAAB00691D24 /* sfsymbols7.json */ = {isa = PBXFileReference; lastKnownFileType = text.json; path = sfsymbols7.json; sourceTree = "<group>"; };
		9BD886542E5A8D93004BD678 /* iOS26TabViewTest.swift */ = {isa = PBXFileReference; lastKnownFileType = sourcecode.swift; path = iOS26TabViewTest.swift; sourceTree = "<group>"; };
		9BD886562E5B3671004BD678 /* TabConfigurationView.swift */ = {isa = PBXFileReference; lastKnownFileType = sourcecode.swift; path = TabConfigurationView.swift; sourceTree = "<group>"; };
		9BD886602E61EA38004BD678 /* NovelExcerptView.swift */ = {isa = PBXFileReference; lastKnownFileType = sourcecode.swift; path = NovelExcerptView.swift; sourceTree = "<group>"; };
		FB05B9EB2526360300FE2E43 /* Export.swift */ = {isa = PBXFileReference; lastKnownFileType = sourcecode.swift; path = Export.swift; sourceTree = "<group>"; };
		FB05BA112527FCCB00FE2E43 /* WeightListView.swift */ = {isa = PBXFileReference; lastKnownFileType = sourcecode.swift; path = WeightListView.swift; sourceTree = "<group>"; };
		FB1D0F0F2512824600A0B190 /* SFTabBar.app */ = {isa = PBXFileReference; explicitFileType = wrapper.application; includeInIndex = 0; path = SFTabBar.app; sourceTree = BUILT_PRODUCTS_DIR; };
		FB1D0F122512824600A0B190 /* SFTabBarApp.swift */ = {isa = PBXFileReference; lastKnownFileType = sourcecode.swift; path = SFTabBarApp.swift; sourceTree = "<group>"; };
		FB1D0F142512824600A0B190 /* ContentView.swift */ = {isa = PBXFileReference; lastKnownFileType = sourcecode.swift; path = ContentView.swift; sourceTree = "<group>"; };
		FB1D0F162512824900A0B190 /* Assets.xcassets */ = {isa = PBXFileReference; lastKnownFileType = folder.assetcatalog; path = Assets.xcassets; sourceTree = "<group>"; };
		FB1D0F192512824900A0B190 /* Preview Assets.xcassets */ = {isa = PBXFileReference; lastKnownFileType = folder.assetcatalog; path = "Preview Assets.xcassets"; sourceTree = "<group>"; };
		FB1D0F1B2512824900A0B190 /* Info.plist */ = {isa = PBXFileReference; lastKnownFileType = text.plist.xml; path = Info.plist; sourceTree = "<group>"; };
		FB1D0F202512824A00A0B190 /* SFTabBarTests.xctest */ = {isa = PBXFileReference; explicitFileType = wrapper.cfbundle; includeInIndex = 0; path = SFTabBarTests.xctest; sourceTree = BUILT_PRODUCTS_DIR; };
		FB1D0F242512824A00A0B190 /* SFTabBarTests.swift */ = {isa = PBXFileReference; lastKnownFileType = sourcecode.swift; path = SFTabBarTests.swift; sourceTree = "<group>"; };
		FB1D0F262512824A00A0B190 /* Info.plist */ = {isa = PBXFileReference; lastKnownFileType = text.plist.xml; path = Info.plist; sourceTree = "<group>"; };
		FB1D0F2B2512824A00A0B190 /* SFTabBarUITests.xctest */ = {isa = PBXFileReference; explicitFileType = wrapper.cfbundle; includeInIndex = 0; path = SFTabBarUITests.xctest; sourceTree = BUILT_PRODUCTS_DIR; };
		FB1D0F2F2512824A00A0B190 /* SFTabBarUITests.swift */ = {isa = PBXFileReference; lastKnownFileType = sourcecode.swift; path = SFTabBarUITests.swift; sourceTree = "<group>"; };
		FB1D0F312512824A00A0B190 /* Info.plist */ = {isa = PBXFileReference; lastKnownFileType = text.plist.xml; path = Info.plist; sourceTree = "<group>"; };
		FB1F6ACF25237E22008C0BB7 /* SFData.swift */ = {isa = PBXFileReference; lastKnownFileType = sourcecode.swift; path = SFData.swift; sourceTree = "<group>"; };
		FB1F6AD425237E5D008C0BB7 /* SymbolsListView.swift */ = {isa = PBXFileReference; lastKnownFileType = sourcecode.swift; path = SymbolsListView.swift; sourceTree = "<group>"; };
		FB1F6ADC252386C0008C0BB7 /* SFModel.swift */ = {isa = PBXFileReference; lastKnownFileType = sourcecode.swift; path = SFModel.swift; sourceTree = "<group>"; };
		FB2C9D6D2530CA8D0007932E /* IAPManager.swift */ = {isa = PBXFileReference; lastKnownFileType = sourcecode.swift; path = IAPManager.swift; sourceTree = "<group>"; };
		FB2C9D812530D1720007932E /* TipJar.swift */ = {isa = PBXFileReference; lastKnownFileType = sourcecode.swift; path = TipJar.swift; sourceTree = "<group>"; };
		FB2C9D8C2530E5A10007932E /* ReviewManager.swift */ = {isa = PBXFileReference; lastKnownFileType = sourcecode.swift; path = ReviewManager.swift; sourceTree = "<group>"; };
		FB2C9DA32531FC230007932E /* StoreKit.framework */ = {isa = PBXFileReference; lastKnownFileType = wrapper.framework; name = StoreKit.framework; path = System/Library/Frameworks/StoreKit.framework; sourceTree = SDKROOT; };
		FB4678F1253C8A7B00417EDE /* PlayView.swift */ = {isa = PBXFileReference; lastKnownFileType = sourcecode.swift; path = PlayView.swift; sourceTree = "<group>"; };
		FB504E7A251FDE60000BC03A /* sfsymbols.json */ = {isa = PBXFileReference; lastKnownFileType = text.json; path = sfsymbols.json; sourceTree = "<group>"; };
/* End PBXFileReference section */

/* Begin PBXFrameworksBuildPhase section */
		FB1D0F0C2512824600A0B190 /* Frameworks */ = {
			isa = PBXFrameworksBuildPhase;
			buildActionMask = 2147483647;
			files = (
				FB2C9DA42531FC230007932E /* StoreKit.framework in Frameworks */,
			);
			runOnlyForDeploymentPostprocessing = 0;
		};
		FB1D0F1D2512824A00A0B190 /* Frameworks */ = {
			isa = PBXFrameworksBuildPhase;
			buildActionMask = 2147483647;
			files = (
			);
			runOnlyForDeploymentPostprocessing = 0;
		};
		FB1D0F282512824A00A0B190 /* Frameworks */ = {
			isa = PBXFrameworksBuildPhase;
			buildActionMask = 2147483647;
			files = (
			);
			runOnlyForDeploymentPostprocessing = 0;
		};
/* End PBXFrameworksBuildPhase section */

/* Begin PBXGroup section */
		FB1D0F062512824600A0B190 = {
			isa = PBXGroup;
			children = (
				FB1D0F112512824600A0B190 /* SFTabBar */,
				FB1D0F232512824A00A0B190 /* SFTabBarTests */,
				FB1D0F2E2512824A00A0B190 /* SFTabBarUITests */,
				FB1D0F102512824600A0B190 /* Products */,
				FB2C9DA22531FC230007932E /* Frameworks */,
			);
			sourceTree = "<group>";
		};
		FB1D0F102512824600A0B190 /* Products */ = {
			isa = PBXGroup;
			children = (
				FB1D0F0F2512824600A0B190 /* SFTabBar.app */,
				FB1D0F202512824A00A0B190 /* SFTabBarTests.xctest */,
				FB1D0F2B2512824A00A0B190 /* SFTabBarUITests.xctest */,
			);
			name = Products;
			sourceTree = "<group>";
		};
		FB1D0F112512824600A0B190 /* SFTabBar */ = {
			isa = PBXGroup;
			children = (
				9B0568F72E64C2AD00691D24 /* SFTabBar.icon */,
				9B0568F12E64626600691D24 /* DocumentationView.swift */,
				9B0568EF2E6235FF00691D24 /* ColorExtensions.swift */,
				FB2C9D722530CA9B0007932E /* IAP */,
				FB504E79251FDE24000BC03A /* Resources */,
				FBFEE5F02523B1B700C2A41A /* SFSymbols */,
				FB1D0F122512824600A0B190 /* SFTabBarApp.swift */,
				9BD886542E5A8D93004BD678 /* iOS26TabViewTest.swift */,
				9BD886562E5B3671004BD678 /* TabConfigurationView.swift */,
				FB1D0F142512824600A0B190 /* ContentView.swift */,
				FB4678F6253C8A8200417EDE /* Play */,
				FB05BA112527FCCB00FE2E43 /* WeightListView.swift */,
				FB05B9EB2526360300FE2E43 /* Export.swift */,
				FB1D0F162512824900A0B190 /* Assets.xcassets */,
				FB1D0F1B2512824900A0B190 /* Info.plist */,
				FB1D0F182512824900A0B190 /* Preview Content */,
			);
			path = SFTabBar;
			sourceTree = "<group>";
		};
		FB1D0F182512824900A0B190 /* Preview Content */ = {
			isa = PBXGroup;
			children = (
				FB1D0F192512824900A0B190 /* Preview Assets.xcassets */,
			);
			path = "Preview Content";
			sourceTree = "<group>";
		};
		FB1D0F232512824A00A0B190 /* SFTabBarTests */ = {
			isa = PBXGroup;
			children = (
				FB1D0F242512824A00A0B190 /* SFTabBarTests.swift */,
				FB1D0F262512824A00A0B190 /* Info.plist */,
			);
			path = SFTabBarTests;
			sourceTree = "<group>";
		};
		FB1D0F2E2512824A00A0B190 /* SFTabBarUITests */ = {
			isa = PBXGroup;
			children = (
				FB1D0F2F2512824A00A0B190 /* SFTabBarUITests.swift */,
				FB1D0F312512824A00A0B190 /* Info.plist */,
			);
			path = SFTabBarUITests;
			sourceTree = "<group>";
		};
		FB2C9D722530CA9B0007932E /* IAP */ = {
			isa = PBXGroup;
			children = (
				FB2C9D6D2530CA8D0007932E /* IAPManager.swift */,
				FB2C9D812530D1720007932E /* TipJar.swift */,
				FB2C9D8C2530E5A10007932E /* ReviewManager.swift */,
			);
			path = IAP;
			sourceTree = "<group>";
		};
		FB2C9DA22531FC230007932E /* Frameworks */ = {
			isa = PBXGroup;
			children = (
				FB2C9DA32531FC230007932E /* StoreKit.framework */,
			);
			name = Frameworks;
			sourceTree = "<group>";
		};
		FB4678F6253C8A8200417EDE /* Play */ = {
			isa = PBXGroup;
			children = (
				9B0568ED2E61FCE000691D24 /* UploadDemoView.swift */,
				9B0568EB2E61FCAE00691D24 /* ColorDemoView.swift */,
				9BD886602E61EA38004BD678 /* NovelExcerptView.swift */,
				FB4678F1253C8A7B00417EDE /* PlayView.swift */,
			);
			path = Play;
			sourceTree = "<group>";
		};
		FB504E79251FDE24000BC03A /* Resources */ = {
			isa = PBXGroup;
			children = (
				9B0568F92E65CAAB00691D24 /* sfsymbols7.json */,
				FB504E7A251FDE60000BC03A /* sfsymbols.json */,
				289F65392DF68AAC00326FB7 /* sfsymbols6.json */,
			);
			path = Resources;
			sourceTree = "<group>";
		};
		FBFEE5F02523B1B700C2A41A /* SFSymbols */ = {
			isa = PBXGroup;
			children = (
				FB1F6ACF25237E22008C0BB7 /* SFData.swift */,
				FB1F6ADC252386C0008C0BB7 /* SFModel.swift */,
				FB1F6AD425237E5D008C0BB7 /* SymbolsListView.swift */,
			);
			path = SFSymbols;
			sourceTree = "<group>";
		};
/* End PBXGroup section */

/* Begin PBXNativeTarget section */
		FB1D0F0E2512824600A0B190 /* SFTabBar */ = {
			isa = PBXNativeTarget;
			buildConfigurationList = FB1D0F342512824A00A0B190 /* Build configuration list for PBXNativeTarget "SFTabBar" */;
			buildPhases = (
				FB1D0F0B2512824600A0B190 /* Sources */,
				FB1D0F0C2512824600A0B190 /* Frameworks */,
				FB1D0F0D2512824600A0B190 /* Resources */,
			);
			buildRules = (
			);
			dependencies = (
			);
			name = SFTabBar;
			packageProductDependencies = (
			);
			productName = SFTabBar;
			productReference = FB1D0F0F2512824600A0B190 /* SFTabBar.app */;
			productType = "com.apple.product-type.application";
		};
		FB1D0F1F2512824A00A0B190 /* SFTabBarTests */ = {
			isa = PBXNativeTarget;
			buildConfigurationList = FB1D0F372512824A00A0B190 /* Build configuration list for PBXNativeTarget "SFTabBarTests" */;
			buildPhases = (
				FB1D0F1C2512824A00A0B190 /* Sources */,
				FB1D0F1D2512824A00A0B190 /* Frameworks */,
				FB1D0F1E2512824A00A0B190 /* Resources */,
			);
			buildRules = (
			);
			dependencies = (
				FB1D0F222512824A00A0B190 /* PBXTargetDependency */,
			);
			name = SFTabBarTests;
			productName = SFTabBarTests;
			productReference = FB1D0F202512824A00A0B190 /* SFTabBarTests.xctest */;
			productType = "com.apple.product-type.bundle.unit-test";
		};
		FB1D0F2A2512824A00A0B190 /* SFTabBarUITests */ = {
			isa = PBXNativeTarget;
			buildConfigurationList = FB1D0F3A2512824A00A0B190 /* Build configuration list for PBXNativeTarget "SFTabBarUITests" */;
			buildPhases = (
				FB1D0F272512824A00A0B190 /* Sources */,
				FB1D0F282512824A00A0B190 /* Frameworks */,
				FB1D0F292512824A00A0B190 /* Resources */,
			);
			buildRules = (
			);
			dependencies = (
				FB1D0F2D2512824A00A0B190 /* PBXTargetDependency */,
			);
			name = SFTabBarUITests;
			productName = SFTabBarUITests;
			productReference = FB1D0F2B2512824A00A0B190 /* SFTabBarUITests.xctest */;
			productType = "com.apple.product-type.bundle.ui-testing";
		};
/* End PBXNativeTarget section */

/* Begin PBXProject section */
		FB1D0F072512824600A0B190 /* Project object */ = {
			isa = PBXProject;
			attributes = {
				LastSwiftUpdateCheck = 1200;
				LastUpgradeCheck = 1200;
				TargetAttributes = {
					FB1D0F0E2512824600A0B190 = {
						CreatedOnToolsVersion = 12.0;
					};
					FB1D0F1F2512824A00A0B190 = {
						CreatedOnToolsVersion = 12.0;
						TestTargetID = FB1D0F0E2512824600A0B190;
					};
					FB1D0F2A2512824A00A0B190 = {
						CreatedOnToolsVersion = 12.0;
						TestTargetID = FB1D0F0E2512824600A0B190;
					};
				};
			};
			buildConfigurationList = FB1D0F0A2512824600A0B190 /* Build configuration list for PBXProject "SFTabBar" */;
			compatibilityVersion = "Xcode 9.3";
			developmentRegion = en;
			hasScannedForEncodings = 0;
			knownRegions = (
				en,
				Base,
			);
			mainGroup = FB1D0F062512824600A0B190;
			packageReferences = (
			);
			productRefGroup = FB1D0F102512824600A0B190 /* Products */;
			projectDirPath = "";
			projectRoot = "";
			targets = (
				FB1D0F0E2512824600A0B190 /* SFTabBar */,
				FB1D0F1F2512824A00A0B190 /* SFTabBarTests */,
				FB1D0F2A2512824A00A0B190 /* SFTabBarUITests */,
			);
		};
/* End PBXProject section */

/* Begin PBXResourcesBuildPhase section */
		FB1D0F0D2512824600A0B190 /* Resources */ = {
			isa = PBXResourcesBuildPhase;
			buildActionMask = 2147483647;
			files = (
				FB1D0F1A2512824900A0B190 /* Preview Assets.xcassets in Resources */,
				FB1D0F172512824900A0B190 /* Assets.xcassets in Resources */,
				9B0568FA2E65CAAB00691D24 /* sfsymbols7.json in Resources */,
				FB504E7B251FDE60000BC03A /* sfsymbols.json in Resources */,
				9B0568F82E64C2AD00691D24 /* SFTabBar.icon in Resources */,
				289F653A2DF68AAC00326FB7 /* sfsymbols6.json in Resources */,
			);
			runOnlyForDeploymentPostprocessing = 0;
		};
		FB1D0F1E2512824A00A0B190 /* Resources */ = {
			isa = PBXResourcesBuildPhase;
			buildActionMask = 2147483647;
			files = (
			);
			runOnlyForDeploymentPostprocessing = 0;
		};
		FB1D0F292512824A00A0B190 /* Resources */ = {
			isa = PBXResourcesBuildPhase;
			buildActionMask = 2147483647;
			files = (
			);
			runOnlyForDeploymentPostprocessing = 0;
		};
/* End PBXResourcesBuildPhase section */

/* Begin PBXSourcesBuildPhase section */
		FB1D0F0B2512824600A0B190 /* Sources */ = {
			isa = PBXSourcesBuildPhase;
			buildActionMask = 2147483647;
			files = (
				FB2C9D6E2530CA8D0007932E /* IAPManager.swift in Sources */,
				9BD886572E5B3671004BD678 /* TabConfigurationView.swift in Sources */,
				9B0568F22E64627300691D24 /* DocumentationView.swift in Sources */,
				FB2C9D8D2530E5A10007932E /* ReviewManager.swift in Sources */,
				FB1F6ADD252386C0008C0BB7 /* SFModel.swift in Sources */,
				9BD886552E5A8D93004BD678 /* iOS26TabViewTest.swift in Sources */,
				9B0568F02E62361D00691D24 /* ColorExtensions.swift in Sources */,
				9BD886612E61EA38004BD678 /* NovelExcerptView.swift in Sources */,
				9B0568EE2E61FCEE00691D24 /* UploadDemoView.swift in Sources */,
				FB1F6AD525237E5D008C0BB7 /* SymbolsListView.swift in Sources */,
				FB05B9EC2526360300FE2E43 /* Export.swift in Sources */,
				FB1D0F152512824600A0B190 /* ContentView.swift in Sources */,
				FB4678F2253C8A7B00417EDE /* PlayView.swift in Sources */,
				FB2C9D822530D1720007932E /* TipJar.swift in Sources */,
				FB1F6AD025237E22008C0BB7 /* SFData.swift in Sources */,
				FB1D0F132512824600A0B190 /* SFTabBarApp.swift in Sources */,
				FB05BA122527FCCB00FE2E43 /* WeightListView.swift in Sources */,
				9B0568EC2E61FCCE00691D24 /* ColorDemoView.swift in Sources */,
			);
			runOnlyForDeploymentPostprocessing = 0;
		};
		FB1D0F1C2512824A00A0B190 /* Sources */ = {
			isa = PBXSourcesBuildPhase;
			buildActionMask = 2147483647;
			files = (
				FB1D0F252512824A00A0B190 /* SFTabBarTests.swift in Sources */,
			);
			runOnlyForDeploymentPostprocessing = 0;
		};
		FB1D0F272512824A00A0B190 /* Sources */ = {
			isa = PBXSourcesBuildPhase;
			buildActionMask = 2147483647;
			files = (
				FB1D0F302512824A00A0B190 /* SFTabBarUITests.swift in Sources */,
			);
			runOnlyForDeploymentPostprocessing = 0;
		};
/* End PBXSourcesBuildPhase section */

/* Begin PBXTargetDependency section */
		FB1D0F222512824A00A0B190 /* PBXTargetDependency */ = {
			isa = PBXTargetDependency;
			target = FB1D0F0E2512824600A0B190 /* SFTabBar */;
			targetProxy = FB1D0F212512824A00A0B190 /* PBXContainerItemProxy */;
		};
		FB1D0F2D2512824A00A0B190 /* PBXTargetDependency */ = {
			isa = PBXTargetDependency;
			target = FB1D0F0E2512824600A0B190 /* SFTabBar */;
			targetProxy = FB1D0F2C2512824A00A0B190 /* PBXContainerItemProxy */;
		};
/* End PBXTargetDependency section */

/* Begin XCBuildConfiguration section */
		FB1D0F322512824A00A0B190 /* Debug */ = {
			isa = XCBuildConfiguration;
			buildSettings = {
				ALWAYS_SEARCH_USER_PATHS = NO;
				CLANG_ANALYZER_NONNULL = YES;
				CLANG_ANALYZER_NUMBER_OBJECT_CONVERSION = YES_AGGRESSIVE;
				CLANG_CXX_LANGUAGE_STANDARD = "gnu++14";
				CLANG_CXX_LIBRARY = "libc++";
				CLANG_ENABLE_MODULES = YES;
				CLANG_ENABLE_OBJC_ARC = YES;
				CLANG_ENABLE_OBJC_WEAK = YES;
				CLANG_WARN_BLOCK_CAPTURE_AUTORELEASING = YES;
				CLANG_WARN_BOOL_CONVERSION = YES;
				CLANG_WARN_COMMA = YES;
				CLANG_WARN_CONSTANT_CONVERSION = YES;
				CLANG_WARN_DEPRECATED_OBJC_IMPLEMENTATIONS = YES;
				CLANG_WARN_DIRECT_OBJC_ISA_USAGE = YES_ERROR;
				CLANG_WARN_DOCUMENTATION_COMMENTS = YES;
				CLANG_WARN_EMPTY_BODY = YES;
				CLANG_WARN_ENUM_CONVERSION = YES;
				CLANG_WARN_INFINITE_RECURSION = YES;
				CLANG_WARN_INT_CONVERSION = YES;
				CLANG_WARN_NON_LITERAL_NULL_CONVERSION = YES;
				CLANG_WARN_OBJC_IMPLICIT_RETAIN_SELF = YES;
				CLANG_WARN_OBJC_LITERAL_CONVERSION = YES;
				CLANG_WARN_OBJC_ROOT_CLASS = YES_ERROR;
				CLANG_WARN_QUOTED_INCLUDE_IN_FRAMEWORK_HEADER = YES;
				CLANG_WARN_RANGE_LOOP_ANALYSIS = YES;
				CLANG_WARN_STRICT_PROTOTYPES = YES;
				CLANG_WARN_SUSPICIOUS_MOVE = YES;
				CLANG_WARN_UNGUARDED_AVAILABILITY = YES_AGGRESSIVE;
				CLANG_WARN_UNREACHABLE_CODE = YES;
				CLANG_WARN__DUPLICATE_METHOD_MATCH = YES;
				COPY_PHASE_STRIP = NO;
				DEBUG_INFORMATION_FORMAT = dwarf;
				ENABLE_STRICT_OBJC_MSGSEND = YES;
				ENABLE_TESTABILITY = YES;
				GCC_C_LANGUAGE_STANDARD = gnu11;
				GCC_DYNAMIC_NO_PIC = NO;
				GCC_NO_COMMON_BLOCKS = YES;
				GCC_OPTIMIZATION_LEVEL = 0;
				GCC_PREPROCESSOR_DEFINITIONS = (
					"DEBUG=1",
					"$(inherited)",
				);
				GCC_WARN_64_TO_32_BIT_CONVERSION = YES;
				GCC_WARN_ABOUT_RETURN_TYPE = YES_ERROR;
				GCC_WARN_UNDECLARED_SELECTOR = YES;
				GCC_WARN_UNINITIALIZED_AUTOS = YES_AGGRESSIVE;
				GCC_WARN_UNUSED_FUNCTION = YES;
				GCC_WARN_UNUSED_VARIABLE = YES;
				IPHONEOS_DEPLOYMENT_TARGET = 14.0;
				MTL_ENABLE_DEBUG_INFO = INCLUDE_SOURCE;
				MTL_FAST_MATH = YES;
				ONLY_ACTIVE_ARCH = YES;
				SDKROOT = iphoneos;
				SWIFT_ACTIVE_COMPILATION_CONDITIONS = DEBUG;
				SWIFT_OPTIMIZATION_LEVEL = "-Onone";
			};
			name = Debug;
		};
		FB1D0F332512824A00A0B190 /* Release */ = {
			isa = XCBuildConfiguration;
			buildSettings = {
				ALWAYS_SEARCH_USER_PATHS = NO;
				CLANG_ANALYZER_NONNULL = YES;
				CLANG_ANALYZER_NUMBER_OBJECT_CONVERSION = YES_AGGRESSIVE;
				CLANG_CXX_LANGUAGE_STANDARD = "gnu++14";
				CLANG_CXX_LIBRARY = "libc++";
				CLANG_ENABLE_MODULES = YES;
				CLANG_ENABLE_OBJC_ARC = YES;
				CLANG_ENABLE_OBJC_WEAK = YES;
				CLANG_WARN_BLOCK_CAPTURE_AUTORELEASING = YES;
				CLANG_WARN_BOOL_CONVERSION = YES;
				CLANG_WARN_COMMA = YES;
				CLANG_WARN_CONSTANT_CONVERSION = YES;
				CLANG_WARN_DEPRECATED_OBJC_IMPLEMENTATIONS = YES;
				CLANG_WARN_DIRECT_OBJC_ISA_USAGE = YES_ERROR;
				CLANG_WARN_DOCUMENTATION_COMMENTS = YES;
				CLANG_WARN_EMPTY_BODY = YES;
				CLANG_WARN_ENUM_CONVERSION = YES;
				CLANG_WARN_INFINITE_RECURSION = YES;
				CLANG_WARN_INT_CONVERSION = YES;
				CLANG_WARN_NON_LITERAL_NULL_CONVERSION = YES;
				CLANG_WARN_OBJC_IMPLICIT_RETAIN_SELF = YES;
				CLANG_WARN_OBJC_LITERAL_CONVERSION = YES;
				CLANG_WARN_OBJC_ROOT_CLASS = YES_ERROR;
				CLANG_WARN_QUOTED_INCLUDE_IN_FRAMEWORK_HEADER = YES;
				CLANG_WARN_RANGE_LOOP_ANALYSIS = YES;
				CLANG_WARN_STRICT_PROTOTYPES = YES;
				CLANG_WARN_SUSPICIOUS_MOVE = YES;
				CLANG_WARN_UNGUARDED_AVAILABILITY = YES_AGGRESSIVE;
				CLANG_WARN_UNREACHABLE_CODE = YES;
				CLANG_WARN__DUPLICATE_METHOD_MATCH = YES;
				COPY_PHASE_STRIP = NO;
				DEBUG_INFORMATION_FORMAT = "dwarf-with-dsym";
				ENABLE_NS_ASSERTIONS = NO;
				ENABLE_STRICT_OBJC_MSGSEND = YES;
				GCC_C_LANGUAGE_STANDARD = gnu11;
				GCC_NO_COMMON_BLOCKS = YES;
				GCC_WARN_64_TO_32_BIT_CONVERSION = YES;
				GCC_WARN_ABOUT_RETURN_TYPE = YES_ERROR;
				GCC_WARN_UNDECLARED_SELECTOR = YES;
				GCC_WARN_UNINITIALIZED_AUTOS = YES_AGGRESSIVE;
				GCC_WARN_UNUSED_FUNCTION = YES;
				GCC_WARN_UNUSED_VARIABLE = YES;
				IPHONEOS_DEPLOYMENT_TARGET = 14.0;
				MTL_ENABLE_DEBUG_INFO = NO;
				MTL_FAST_MATH = YES;
				SDKROOT = iphoneos;
				SWIFT_COMPILATION_MODE = wholemodule;
				SWIFT_OPTIMIZATION_LEVEL = "-O";
				VALIDATE_PRODUCT = YES;
			};
			name = Release;
		};
		FB1D0F352512824A00A0B190 /* Debug */ = {
			isa = XCBuildConfiguration;
			buildSettings = {
				ASSETCATALOG_COMPILER_APPICON_NAME = SFTabBar;
				ASSETCATALOG_COMPILER_GLOBAL_ACCENT_COLOR_NAME = AccentColor;
				CODE_SIGN_STYLE = Automatic;
				CURRENT_PROJECT_VERSION = 10192020.1;
				DEVELOPMENT_ASSET_PATHS = "\"SFTabBar/Preview Content\"";
				DEVELOPMENT_TEAM = GX6GRW776S;
				ENABLE_PREVIEWS = YES;
				INFOPLIST_FILE = SFTabBar/Info.plist;
				INFOPLIST_KEY_CFBundleDisplayName = SFTabBar;
				INFOPLIST_KEY_LSApplicationCategoryType = "public.app-category.developer-tools";
				IPHONEOS_DEPLOYMENT_TARGET = 26.0;
				LD_RUNPATH_SEARCH_PATHS = (
					"$(inherited)",
					"@executable_path/Frameworks",
				);
				MARKETING_VERSION = 2.0.0;
				PRODUCT_BUNDLE_IDENTIFIER = com.tapteachapps.SFTabBar;
				PRODUCT_NAME = "$(TARGET_NAME)";
				SWIFT_VERSION = 5.0;
				TARGETED_DEVICE_FAMILY = 1;
			};
			name = Debug;
		};
		FB1D0F362512824A00A0B190 /* Release */ = {
			isa = XCBuildConfiguration;
			buildSettings = {
				ASSETCATALOG_COMPILER_APPICON_NAME = SFTabBar;
				ASSETCATALOG_COMPILER_GLOBAL_ACCENT_COLOR_NAME = AccentColor;
				CODE_SIGN_STYLE = Automatic;
				CURRENT_PROJECT_VERSION = 10192020.1;
				DEVELOPMENT_ASSET_PATHS = "\"SFTabBar/Preview Content\"";
				DEVELOPMENT_TEAM = GX6GRW776S;
				ENABLE_PREVIEWS = YES;
				INFOPLIST_FILE = SFTabBar/Info.plist;
				INFOPLIST_KEY_CFBundleDisplayName = SFTabBar;
				INFOPLIST_KEY_LSApplicationCategoryType = "public.app-category.developer-tools";
				IPHONEOS_DEPLOYMENT_TARGET = 26.0;
				LD_RUNPATH_SEARCH_PATHS = (
					"$(inherited)",
					"@executable_path/Frameworks",
				);
				MARKETING_VERSION = 2.0.0;
				PRODUCT_BUNDLE_IDENTIFIER = com.tapteachapps.SFTabBar;
				PRODUCT_NAME = "$(TARGET_NAME)";
				SWIFT_VERSION = 5.0;
				TARGETED_DEVICE_FAMILY = 1;
			};
			name = Release;
		};
		FB1D0F382512824A00A0B190 /* Debug */ = {
			isa = XCBuildConfiguration;
			buildSettings = {
				ALWAYS_EMBED_SWIFT_STANDARD_LIBRARIES = YES;
				BUNDLE_LOADER = "$(TEST_HOST)";
				CODE_SIGN_STYLE = Automatic;
				DEVELOPMENT_TEAM = GX6GRW776S;
				INFOPLIST_FILE = SFTabBarTests/Info.plist;
				IPHONEOS_DEPLOYMENT_TARGET = 14.0;
				LD_RUNPATH_SEARCH_PATHS = (
					"$(inherited)",
					"@executable_path/Frameworks",
					"@loader_path/Frameworks",
				);
				PRODUCT_BUNDLE_IDENTIFIER = com.tapteachapps.SFTabBarTests;
				PRODUCT_NAME = "$(TARGET_NAME)";
				SWIFT_VERSION = 5.0;
				TARGETED_DEVICE_FAMILY = "1,2";
				TEST_HOST = "$(BUILT_PRODUCTS_DIR)/SFTabBar.app/SFTabBar";
			};
			name = Debug;
		};
		FB1D0F392512824A00A0B190 /* Release */ = {
			isa = XCBuildConfiguration;
			buildSettings = {
				ALWAYS_EMBED_SWIFT_STANDARD_LIBRARIES = YES;
				BUNDLE_LOADER = "$(TEST_HOST)";
				CODE_SIGN_STYLE = Automatic;
				DEVELOPMENT_TEAM = GX6GRW776S;
				INFOPLIST_FILE = SFTabBarTests/Info.plist;
				IPHONEOS_DEPLOYMENT_TARGET = 14.0;
				LD_RUNPATH_SEARCH_PATHS = (
					"$(inherited)",
					"@executable_path/Frameworks",
					"@loader_path/Frameworks",
				);
				PRODUCT_BUNDLE_IDENTIFIER = com.tapteachapps.SFTabBarTests;
				PRODUCT_NAME = "$(TARGET_NAME)";
				SWIFT_VERSION = 5.0;
				TARGETED_DEVICE_FAMILY = "1,2";
				TEST_HOST = "$(BUILT_PRODUCTS_DIR)/SFTabBar.app/SFTabBar";
			};
			name = Release;
		};
		FB1D0F3B2512824A00A0B190 /* Debug */ = {
			isa = XCBuildConfiguration;
			buildSettings = {
				ALWAYS_EMBED_SWIFT_STANDARD_LIBRARIES = YES;
				CODE_SIGN_STYLE = Automatic;
				DEVELOPMENT_TEAM = GX6GRW776S;
				INFOPLIST_FILE = SFTabBarUITests/Info.plist;
				LD_RUNPATH_SEARCH_PATHS = (
					"$(inherited)",
					"@executable_path/Frameworks",
					"@loader_path/Frameworks",
				);
				PRODUCT_BUNDLE_IDENTIFIER = com.tapteachapps.SFTabBarUITests;
				PRODUCT_NAME = "$(TARGET_NAME)";
				SWIFT_VERSION = 5.0;
				TARGETED_DEVICE_FAMILY = "1,2";
				TEST_TARGET_NAME = SFTabBar;
			};
			name = Debug;
		};
		FB1D0F3C2512824A00A0B190 /* Release */ = {
			isa = XCBuildConfiguration;
			buildSettings = {
				ALWAYS_EMBED_SWIFT_STANDARD_LIBRARIES = YES;
				CODE_SIGN_STYLE = Automatic;
				DEVELOPMENT_TEAM = GX6GRW776S;
				INFOPLIST_FILE = SFTabBarUITests/Info.plist;
				LD_RUNPATH_SEARCH_PATHS = (
					"$(inherited)",
					"@executable_path/Frameworks",
					"@loader_path/Frameworks",
				);
				PRODUCT_BUNDLE_IDENTIFIER = com.tapteachapps.SFTabBarUITests;
				PRODUCT_NAME = "$(TARGET_NAME)";
				SWIFT_VERSION = 5.0;
				TARGETED_DEVICE_FAMILY = "1,2";
				TEST_TARGET_NAME = SFTabBar;
			};
			name = Release;
		};
/* End XCBuildConfiguration section */

/* Begin XCConfigurationList section */
		FB1D0F0A2512824600A0B190 /* Build configuration list for PBXProject "SFTabBar" */ = {
			isa = XCConfigurationList;
			buildConfigurations = (
				FB1D0F322512824A00A0B190 /* Debug */,
				FB1D0F332512824A00A0B190 /* Release */,
			);
			defaultConfigurationIsVisible = 0;
			defaultConfigurationName = Release;
		};
		FB1D0F342512824A00A0B190 /* Build configuration list for PBXNativeTarget "SFTabBar" */ = {
			isa = XCConfigurationList;
			buildConfigurations = (
				FB1D0F352512824A00A0B190 /* Debug */,
				FB1D0F362512824A00A0B190 /* Release */,
			);
			defaultConfigurationIsVisible = 0;
			defaultConfigurationName = Release;
		};
		FB1D0F372512824A00A0B190 /* Build configuration list for PBXNativeTarget "SFTabBarTests" */ = {
			isa = XCConfigurationList;
			buildConfigurations = (
				FB1D0F382512824A00A0B190 /* Debug */,
				FB1D0F392512824A00A0B190 /* Release */,
			);
			defaultConfigurationIsVisible = 0;
			defaultConfigurationName = Release;
		};
		FB1D0F3A2512824A00A0B190 /* Build configuration list for PBXNativeTarget "SFTabBarUITests" */ = {
			isa = XCConfigurationList;
			buildConfigurations = (
				FB1D0F3B2512824A00A0B190 /* Debug */,
				FB1D0F3C2512824A00A0B190 /* Release */,
			);
			defaultConfigurationIsVisible = 0;
			defaultConfigurationName = Release;
		};
/* End XCConfigurationList section */
	};
	rootObject = FB1D0F072512824600A0B190 /* Project object */;
}
